
Microsoft Visual Studio Solution File, Format Version 12.00
# Visual Studio 15
VisualStudioVersion = 15.0.28307.271
MinimumVisualStudioVersion = 10.0.40219.1
Project("{8BC9CEB8-8B4A-11D0-8D11-00A0C91BC942}") = "cc3172", "proj.win32\cc3172.vcxproj", "{8B63AC08-FFB4-4CF7-9A38-3EB688126E56}"
EndProject
Global
	GlobalSection(SolutionConfigurationPlatforms) = preSolution
		Debug|Win32 = Debug|Win32
		Release|Win32 = Release|Win32
	EndGlobalSection
	GlobalSection(ProjectConfigurationPlatforms) = postSolution
		{8B63AC08-FFB4-4CF7-9A38-3EB688126E56}.Debug|Win32.ActiveCfg = Debug|Win32
		{8B63AC08-FFB4-4CF7-9A38-3EB688126E56}.Debug|Win32.Build.0 = Debug|Win32
		{8B63AC08-FFB4-4CF7-9A38-3EB688126E56}.Release|Win32.ActiveCfg = Release|Win32
		{8B63AC08-FFB4-4CF7-9A38-3EB688126E56}.Release|Win32.Build.0 = Release|Win32
	EndGlobalSection
	GlobalSection(SolutionProperties) = preSolution
		HideSolutionNode = FALSE
	EndGlobalSection
	GlobalSection(ExtensibilityGlobals) = postSolution
		SolutionGuid = {2ADE2A53-D20A-441C-B1E3-A03D898C5DE6}
	EndGlobalSection
EndGlobal
